
Microsoft Visual Studio Solution File, Format Version 12.00
# Visual Studio Version 17
VisualStudioVersion = 17.4.33213.308
MinimumVisualStudioVersion = 10.0.40219.1
Project("{FAE04EC0-301F-11D3-BF4B-00C04F79EFBC}") = "74. Search a 2D Matrix", "74. Search a 2D Matrix\74. Search a 2D Matrix.csproj", "{3C0938E4-2ABB-4AD7-A4C9-5ABE59293A82}"
EndProject
Global
	GlobalSection(SolutionConfigurationPlatforms) = preSolution
		Debug|Any CPU = Debug|Any CPU
		Release|Any CPU = Release|Any CPU
	EndGlobalSection
	GlobalSection(ProjectConfigurationPlatforms) = postSolution
		{3C0938E4-2ABB-4AD7-A4C9-5ABE59293A82}.Debug|Any CPU.ActiveCfg = Debug|Any CPU
		{3C0938E4-2ABB-4AD7-A4C9-5ABE59293A82}.Debug|Any CPU.Build.0 = Debug|Any CPU
		{3C0938E4-2ABB-4AD7-A4C9-5ABE59293A82}.Release|Any CPU.ActiveCfg = Release|Any CPU
		{3C0938E4-2ABB-4AD7-A4C9-5ABE59293A82}.Release|Any CPU.Build.0 = Release|Any CPU
	EndGlobalSection
	GlobalSection(SolutionProperties) = preSolution
		HideSolutionNode = FALSE
	EndGlobalSection
	GlobalSection(ExtensibilityGlobals) = postSolution
		SolutionGuid = {863B0797-E567-42F3-A92C-EB1FD02566CF}
	EndGlobalSection
EndGlobal
